
Microsoft Visual Studio Solution File, Format Version 12.00
# Visual Studio Version 16
VisualStudioVersion = 16.0.29201.188
MinimumVisualStudioVersion = 10.0.40219.1
Project("{FAE04EC0-301F-11D3-BF4B-00C04F79EFBC}") = "TestDatabase_CoreFirst", "TestDatabase_CoreFirst\TestDatabase_CoreFirst.csproj", "{DE989692-E3A8-4738-BA00-F2BF81812FC5}"
EndProject
Global
	GlobalSection(SolutionConfigurationPlatforms) = preSolution
		Debug|Any CPU = Debug|Any CPU
		Release|Any CPU = Release|Any CPU
	EndGlobalSection
	GlobalSection(ProjectConfigurationPlatforms) = postSolution
		{DE989692-E3A8-4738-BA00-F2BF81812FC5}.Debug|Any CPU.ActiveCfg = Debug|Any CPU
		{DE989692-E3A8-4738-BA00-F2BF81812FC5}.Debug|Any CPU.Build.0 = Debug|Any CPU
		{DE989692-E3A8-4738-BA00-F2BF81812FC5}.Release|Any CPU.ActiveCfg = Release|Any CPU
		{DE989692-E3A8-4738-BA00-F2BF81812FC5}.Release|Any CPU.Build.0 = Release|Any CPU
	EndGlobalSection
	GlobalSection(SolutionProperties) = preSolution
		HideSolutionNode = FALSE
	EndGlobalSection
	GlobalSection(ExtensibilityGlobals) = postSolution
		SolutionGuid = {8167DE95-0E9F-42CF-8AC6-32A3F2E1DD07}
	EndGlobalSection
EndGlobal
